<?xml version="1.0" encoding="utf-8"?>
<Project ToolsVersion="4.0" xmlns="http://schemas.microsoft.com/developer/msbuild/2003">
  <ItemGroup>
    <ClCompile Include="ActionSlot.cpp" />
    <ClCompile Include="ActionUI.cpp" />
    <ClCompile Include="BatonTouch.cpp" />
    <ClCompile Include="game.cpp" />
    <ClCompile Include="GameData.cpp" />
    <ClCompile Include="gameprogress.cpp" />
    <ClCompile Include="input.cpp" />
    <ClCompile Include="Live2D.cpp" />
    <ClCompile Include="main.cpp" />
    <ClCompile Include="Menu.cpp" />
    <ClCompile Include="myDirect3D.cpp" />
    <ClCompile Include="Result.cpp" />
    <ClCompile Include="scene.cpp" />
    <ClCompile Include="sound.cpp" />
    <ClCompile Include="GameObject.cpp" />
    <ClCompile Include="Staminagauge.cpp" />
    <ClCompile Include="title.cpp" />
    <ClCompile Include="GameOver.cpp" />
  </ItemGroup>
  <ItemGroup>
    <ClInclude Include="ActionSlot.h" />
    <ClInclude Include="ActionUI.h" />
    <ClInclude Include="BatonTouch.h" />
    <ClInclude Include="game.h" />
    <ClInclude Include="GameData.h" />
    <ClInclude Include="gameprogress.h" />
    <ClInclude Include="input.h" />
    <ClInclude Include="Live2D.h" />
    <ClInclude Include="main.h" />
    <ClInclude Include="Menu.h" />
    <ClInclude Include="myDirect3D.h" />
    <ClInclude Include="Result.h" />
    <ClInclude Include="scene.h" />
    <ClInclude Include="sound.h" />
    <ClInclude Include="GameObject.h" />
    <ClInclude Include="Staminagauge.h" />
    <ClInclude Include="title.h" />
    <ClInclude Include="GameOver.h" />
  </ItemGroup>
</Project>